
Microsoft Visual Studio Solution File, Format Version 12.00
# Visual Studio Version 17
VisualStudioVersion = 17.14.37614.0 d17.14
MinimumVisualStudioVersion = 10.0.40219.1
Project("{F184B08F-C81C-45F6-A57F-5ABD9991F28F}") = "PROY_EJEMPLO_COMPARTIDO", "PROY_EJEMPLO_COMPARTIDO.vbproj", "{618280D9-CE22-49AC-BB35-3297BD18243D}"
EndProject
Global
	GlobalSection(SolutionConfigurationPlatforms) = preSolution
		Debug|Any CPU = Debug|Any CPU
		Release|Any CPU = Release|Any CPU
	EndGlobalSection
	GlobalSection(ProjectConfigurationPlatforms) = postSolution
		{618280D9-CE22-49AC-BB35-3297BD18243D}.Debug|Any CPU.ActiveCfg = Debug|Any CPU
		{618280D9-CE22-49AC-BB35-3297BD18243D}.Debug|Any CPU.Build.0 = Debug|Any CPU
		{618280D9-CE22-49AC-BB35-3297BD18243D}.Release|Any CPU.ActiveCfg = Release|Any CPU
		{618280D9-CE22-49AC-BB35-3297BD18243D}.Release|Any CPU.Build.0 = Release|Any CPU
	EndGlobalSection
	GlobalSection(SolutionProperties) = preSolution
		HideSolutionNode = FALSE
	EndGlobalSection
	GlobalSection(ExtensibilityGlobals) = postSolution
		SolutionGuid = {9A31EC64-C512-48B6-9174-28C38064E907}
	EndGlobalSection
EndGlobal
